{
  "version": 1,
  "dependencies": {
    "net10.0-windows7.0": {
      "CommunityToolkit.Mvvm": {
        "type": "Direct",
        "requested": "[8.4.2, )",
        "resolved": "8.4.2",
        "contentHash": "WadCzGEc2U+3e20avRLng4qNtt4zoOGWrdUISqJWrHe3/FSnrYjuM5Sb4yQb09LhkBXrrI4Zt3dLKgRMbItsrg=="
      },
      "gong-wpf-dragdrop": {
        "type": "Direct",
        "requested": "[4.0.0, )",
        "resolved": "4.0.0",
        "contentHash": "nDj86v1XHhgmQR8PPo/uDDp/xdLDxcqZdvIwSxWAHQPiRX/GBXK13FYY0C2xQow9RSl6j5FKLk8xoYrdb52vqg=="
      },
      "LiteDB": {
        "type": "Direct",
        "requested": "[5.0.21, )",
        "resolved": "5.0.21",
        "contentHash": "ykJ7ffFl7P9YQKR/PLci6zupiLrsSCNkOTiw6OtzntH7d2kCYp5L1+3a/pksKgTEHcJBoPXFtg7VZSGVBseN9w=="
      },
      "LiveChartsCore.SkiaSharpView.WPF": {
        "type": "Direct",
        "requested": "[2.0.0, )",
        "resolved": "2.0.0",
        "contentHash": "TR6QWQG2ZJ9pJ+B4UVizmpIQMhfr06Ea+XS8PJ27KHgddeQTCfTwisDxerIFYMpg30ib3SWLtBlmpZwaVuLuVQ==",
        "dependencies": {
          "LiveChartsCore.SkiaSharpView": "2.0.0",
          "SkiaSharp.HarfBuzz": "3.119.0",
          "SkiaSharp.Views.WPF": "3.119.0"
        }
      },
      "Microsoft.Extensions.Hosting": {
        "type": "Direct",
        "requested": "[10.0.5, )",
        "resolved": "10.0.5",
        "contentHash": "8i7e5IBdiKLNqt/+ciWrS8U95Rv5DClaaj7ulkZbimnCi4uREWd+lXzkp3joofFuIPOlAzV4AckxLTIELv2jdg==",
        "dependencies": {
          "Microsoft.Extensions.Configuration": "10.0.5",
          "Microsoft.Extensions.Configuration.Abstractions": "10.0.5",
          "Microsoft.Extensions.Configuration.Binder": "10.0.5",
          "Microsoft.Extensions.Configuration.CommandLine": "10.0.5",
          "Microsoft.Extensions.Configuration.EnvironmentVariables": "10.0.5",
          "Microsoft.Extensions.Configuration.FileExtensions": "10.0.5",
          "Microsoft.Extensions.Configuration.Json": "10.0.5",
          "Microsoft.Extensions.Configuration.UserSecrets": "10.0.5",
          "Microsoft.Extensions.DependencyInjection": "10.0.5",
          "Microsoft.Extensions.DependencyInjection.Abstractions": "10.0.5",
          "Microsoft.Extensions.Diagnostics": "10.0.5",
          "Microsoft.Extensions.FileProviders.Abstractions": "10.0.5",
          "Microsoft.Extensions.FileProviders.Physical": "10.0.5",
          "Microsoft.Extensions.Hosting.Abstractions": "10.0.5",
          "Microsoft.Extensions.Logging": "10.0.5",
          "Microsoft.Extensions.Logging.Abstractions": "10.0.5",
          "Microsoft.Extensions.Logging.Configuration": "10.0.5",
          "Microsoft.Extensions.Logging.Console": "10.0.5",
          "Microsoft.Extensions.Logging.Debug": "10.0.5",
          "Microsoft.Extensions.Logging.EventLog": "10.0.5",
          "Microsoft.Extensions.Logging.EventSource": "10.0.5",
          "Microsoft.Extensions.Options": "10.0.5"
        }
      },
      "WPF-UI": {
        "type": "Direct",
        "requested": "[4.2.0, )",
        "resolved": "4.2.0",
        "contentHash": "cLJCqIYGtbSU8da9UnPV83SU5XttiM+BEZWW/jLSLjjmBvK2s54oDcO2wP36GEVgiXu5/QXJHlgXk0f14Cvw3g==",
        "dependencies": {
          "WPF-UI.Abstractions": "4.2.0"
        }
      },
      "HarfBuzzSharp": {
        "type": "Transitive",
        "resolved": "8.3.1.1",
        "contentHash": "tLZN66oe/uiRPTZfrCU4i8ScVGwqHNh5MHrXj0yVf4l7Mz0FhTGnQ71RGySROTmdognAs0JtluHkL41pIabWuQ==",
        "dependencies": {
          "HarfBuzzSharp.NativeAssets.Win32": "8.3.1.1",
          "HarfBuzzSharp.NativeAssets.macOS": "8.3.1.1"
        }
      },
      "HarfBuzzSharp.NativeAssets.macOS": {
        "type": "Transitive",
        "resolved": "8.3.1.1",
        "contentHash": "jbtCsgftcaFLCA13tVKo5iWdElJScrulLTKJre36O4YQTIlwDtPPqhRZNk+Y0vv4D1gxbscasGRucUDfS44ofQ=="
      },
      "HarfBuzzSharp.NativeAssets.Win32": {
        "type": "Transitive",
        "resolved": "8.3.1.1",
        "contentHash": "UsJtQsfAJoFDZrXc4hCUfRPMqccfKZ0iumJ/upcUjz/cmsTgVFGNEL5yaJWmkqsuFYdMWbj/En5/kS4PFl9hBA=="
      },
      "LiveChartsCore": {
        "type": "Transitive",
        "resolved": "2.0.0",
        "contentHash": "6ck/dztjwNAlVxOQeD57tlbpfSk0LBxRH15fn8QK/cWz2Wn6D8WX0be+e241snbDQPTuWYZDhE9cZnrfA6EkIQ=="
      },
      "LiveChartsCore.SkiaSharpView": {
        "type": "Transitive",
        "resolved": "2.0.0",
        "contentHash": "BHdfDJp8QgMVjOP/kXLvkP50I5UUHft4x+7hwNg4pI6jvlnSKl1X1PAytsJ3OguQU3sJ7PsZt+/UKMEO7yszfQ==",
        "dependencies": {
          "LiveChartsCore": "2.0.0",
          "SkiaSharp": "2.88.9",
          "SkiaSharp.HarfBuzz": "2.88.9"
        }
      },
      "Microsoft.Extensions.Configuration": {
        "type": "Transitive",
        "resolved": "10.0.5",
        "contentHash": "8Rx5sqg04FttxrumyG6bmoRuFRgYzK6IVwF1i0/o0cXfKBdDeVpJejKHtJCMjyg9E/DNMVqpqOGe/tCT5gYvVA==",
        "dependencies": {
          "Microsoft.Extensions.Configuration.Abstractions": "10.0.5",
          "Microsoft.Extensions.Primitives": "10.0.5"
        }
      },
      "Microsoft.Extensions.Configuration.Abstractions": {
        "type": "Transitive",
        "resolved": "10.0.5",
        "contentHash": "P09QpTHjqHmCLQOTC+WyLkoRNxek4NIvfWt+TnU0etoDUSRxcltyd6+j/ouRbMdLR0j44GqGO+lhI2M4fAHG4g==",
        "dependencies": {
          "Microsoft.Extensions.Primitives": "10.0.5"
        }
      },
      "Microsoft.Extensions.Configuration.Binder": {
        "type": "Transitive",
        "resolved": "10.0.5",
        "contentHash": "99Z4rjyXopb1MIazDSPcvwYCUdYNO01Cf1GUs2WUjIFAbkGmwzj2vPa2k+3pheJRV+YgNd2QqRKHAri0oBAU4Q==",
        "dependencies": {
          "Microsoft.Extensions.Configuration": "10.0.5",
          "Microsoft.Extensions.Configuration.Abstractions": "10.0.5"
        }
      },
      "Microsoft.Extensions.Configuration.CommandLine": {
        "type": "Transitive",
        "resolved": "10.0.5",
        "contentHash": "or9fOLopMUTJOQVJ3bou4aD6PwvsiKf4kZC4EE5sRRKSkmh+wfk/LekJXRjAX88X+1JA9zHjDo+5fiQ7z3MY/A==",
        "dependencies": {
          "Microsoft.Extensions.Configuration": "10.0.5",
          "Microsoft.Extensions.Configuration.Abstractions": "10.0.5"
        }
      },
      "Microsoft.Extensions.Configuration.EnvironmentVariables": {
        "type": "Transitive",
        "resolved": "10.0.5",
        "contentHash": "tchMGQ+zVTO40np/Zzg2Li/TIR8bksQgg4UVXZa0OzeFCKWnIYtxE2FVs+eSmjPGCjMS2voZbwN/mUcYfpSTuA==",
        "dependencies": {
          "Microsoft.Extensions.Configuration": "10.0.5",
          "Microsoft.Extensions.Configuration.Abstractions": "10.0.5"
        }
      },
      "Microsoft.Extensions.Configuration.FileExtensions": {
        "type": "Transitive",
        "resolved": "10.0.5",
        "contentHash": "OhTr0O79dP49734lLTqVveivVX9sDXxbI/8vjELAZTHXqoN90mdpgTAgwicJED42iaHMCcZcK6Bj+8wNyBikaw==",
        "dependencies": {
          "Microsoft.Extensions.Configuration": "10.0.5",
          "Microsoft.Extensions.Configuration.Abstractions": "10.0.5",
          "Microsoft.Extensions.FileProviders.Abstractions": "10.0.5",
          "Microsoft.Extensions.FileProviders.Physical": "10.0.5",
          "Microsoft.Extensions.Primitives": "10.0.5"
        }
      },
      "Microsoft.Extensions.Configuration.Json": {
        "type": "Transitive",
        "resolved": "10.0.5",
        "contentHash": "brBM/WP0YAUYh2+QqSYVdK8eQHYQTtTEUJXJ+84Zkdo2buGLja9VSrMIhgoeBUU7JBmcskAib8Lb/N83bvxgYQ==",
        "dependencies": {
          "Microsoft.Extensions.Configuration": "10.0.5",
          "Microsoft.Extensions.Configuration.Abstractions": "10.0.5",
          "Microsoft.Extensions.Configuration.FileExtensions": "10.0.5",
          "Microsoft.Extensions.FileProviders.Abstractions": "10.0.5"
        }
      },
      "Microsoft.Extensions.Configuration.UserSecrets": {
        "type": "Transitive",
        "resolved": "10.0.5",
        "contentHash": "fhdG6UV9lIp70QhNkVyaHciUVq25IPFkczheVJL9bIFvmnJ+Zghaie6dWkDbbVmxZlHl9gj3zTDxMxJs5zNhIA==",
        "dependencies": {
          "Microsoft.Extensions.Configuration.Abstractions": "10.0.5",
          "Microsoft.Extensions.Configuration.Json": "10.0.5",
          "Microsoft.Extensions.FileProviders.Abstractions": "10.0.5",
          "Microsoft.Extensions.FileProviders.Physical": "10.0.5"
        }
      },
      "Microsoft.Extensions.DependencyInjection": {
        "type": "Transitive",
        "resolved": "10.0.5",
        "contentHash": "v1SVsowG6YE1YnHVGmLWz57YTRCQRx9pH5ebIESXfm5isI9gA3QaMyg/oMTzPpXYZwSAVDzYItGJKfmV+pqXkQ==",
        "dependencies": {
          "Microsoft.Extensions.DependencyInjection.Abstractions": "10.0.5"
        }
      },
      "Microsoft.Extensions.DependencyInjection.Abstractions": {
        "type": "Transitive",
        "resolved": "10.0.5",
        "contentHash": "iVMtq9eRvzyhx8949EGT0OCYJfXi737SbRVzWXE5GrOgGj5AaZ9eUuxA/BSUfmOMALKn/g8KfFaNQw0eiB3lyA=="
      },
      "Microsoft.Extensions.Diagnostics": {
        "type": "Transitive",
        "resolved": "10.0.5",
        "contentHash": "vAJHd4yOpmKoK+jBuYV7a3y+Ab9U4ARCc29b6qvMy276RgJFw9LFs0DdsPqOL3ahwzyrX7tM+i4cCxU/RX0qAg==",
        "dependencies": {
          "Microsoft.Extensions.Configuration": "10.0.5",
          "Microsoft.Extensions.Diagnostics.Abstractions": "10.0.5",
          "Microsoft.Extensions.Options.ConfigurationExtensions": "10.0.5"
        }
      },
      "Microsoft.Extensions.Diagnostics.Abstractions": {
        "type": "Transitive",
        "resolved": "10.0.5",
        "contentHash": "/nYGrpa9/0BZofrVpBbbj+Ns8ZesiPE0V/KxsuHgDgHQopIzN54nRaQGSuvPw16/kI9sW1Zox5yyAPqvf0Jz6A==",
        "dependencies": {
          "Microsoft.Extensions.DependencyInjection.Abstractions": "10.0.5",
          "Microsoft.Extensions.Options": "10.0.5"
        }
      },
      "Microsoft.Extensions.FileProviders.Abstractions": {
        "type": "Transitive",
        "resolved": "10.0.5",
        "contentHash": "nCBmCx0Xemlu65ZiWMcXbvfvtznKxf4/YYKF9R28QkqdI9lTikedGqzJ28/xmdGGsxUnsP5/3TQGpiPwVjK0dA==",
        "dependencies": {
          "Microsoft.Extensions.Primitives": "10.0.5"
        }
      },
      "Microsoft.Extensions.FileProviders.Physical": {
        "type": "Transitive",
        "resolved": "10.0.5",
        "contentHash": "dMu5kUPSfol1Rqhmr6nWPSmbFjDe9w6bkoKithG17bWTZA0UyKirTatM5mqYUN3mGpNA0MorlusIoVTh6J7o5g==",
        "dependencies": {
          "Microsoft.Extensions.FileProviders.Abstractions": "10.0.5",
          "Microsoft.Extensions.FileSystemGlobbing": "10.0.5",
          "Microsoft.Extensions.Primitives": "10.0.5"
        }
      },
      "Microsoft.Extensions.FileSystemGlobbing": {
        "type": "Transitive",
        "resolved": "10.0.5",
        "contentHash": "mOE3ARusNQR0a5x8YOcnUbfyyXGqoAWQtEc7qFOfNJgruDWQLo39Re+3/Lzj5pLPFuFYj8hN4dgKzaSQDKiOCw=="
      },
      "Microsoft.Extensions.Hosting.Abstractions": {
        "type": "Transitive",
        "resolved": "10.0.5",
        "contentHash": "+Wb7KAMVZTomwJkQrjuPTe5KBzGod7N8XeG+ScxRlkPOB4sZLG4ccVwjV4Phk5BCJt7uIMnGHVoN6ZMVploX+g==",
        "dependencies": {
          "Microsoft.Extensions.Configuration.Abstractions": "10.0.5",
          "Microsoft.Extensions.DependencyInjection.Abstractions": "10.0.5",
          "Microsoft.Extensions.Diagnostics.Abstractions": "10.0.5",
          "Microsoft.Extensions.FileProviders.Abstractions": "10.0.5",
          "Microsoft.Extensions.Logging.Abstractions": "10.0.5"
        }
      },
      "Microsoft.Extensions.Logging": {
        "type": "Transitive",
        "resolved": "10.0.5",
        "contentHash": "+XTMKQyDWg4ODoNHU/BN3BaI1jhGO7VCS+BnzT/4IauiG6y2iPAte7MyD7rHKS+hNP0TkFkjrae8DFjDUxtcxg==",
        "dependencies": {
          "Microsoft.Extensions.DependencyInjection": "10.0.5",
          "Microsoft.Extensions.Logging.Abstractions": "10.0.5",
          "Microsoft.Extensions.Options": "10.0.5"
        }
      },
      "Microsoft.Extensions.Logging.Abstractions": {
        "type": "Transitive",
        "resolved": "10.0.5",
        "contentHash": "9HOdqlDtPptVcmKAjsQ/Nr5Rxfq6FMYLdhvZh1lVmeKR738qeYecQD7+ldooXf+u2KzzR1kafSphWngIM3C6ug==",
        "dependencies": {
          "Microsoft.Extensions.DependencyInjection.Abstractions": "10.0.5"
        }
      },
      "Microsoft.Extensions.Logging.Configuration": {
        "type": "Transitive",
        "resolved": "10.0.5",
        "contentHash": "cSgxsDgfP0+gmVRPVoNHI/KIDavIZxh+CxE6tSLPlYTogqccDnjBFI9CgEsiNuMP6+fiuXUwhhlTz36uUEpwbQ==",
        "dependencies": {
          "Microsoft.Extensions.Configuration": "10.0.5",
          "Microsoft.Extensions.Configuration.Abstractions": "10.0.5",
          "Microsoft.Extensions.Configuration.Binder": "10.0.5",
          "Microsoft.Extensions.DependencyInjection.Abstractions": "10.0.5",
          "Microsoft.Extensions.Logging": "10.0.5",
          "Microsoft.Extensions.Logging.Abstractions": "10.0.5",
          "Microsoft.Extensions.Options": "10.0.5",
          "Microsoft.Extensions.Options.ConfigurationExtensions": "10.0.5"
        }
      },
      "Microsoft.Extensions.Logging.Console": {
        "type": "Transitive",
        "resolved": "10.0.5",
        "contentHash": "PMs2gha2v24hvH5o5KQem5aNK4mN0BhhCWlMqsg9tzifWKzjeQi2tyPOP/RaWMVvalOhVLcrmoMYPqbnia/epg==",
        "dependencies": {
          "Microsoft.Extensions.DependencyInjection.Abstractions": "10.0.5",
          "Microsoft.Extensions.Logging": "10.0.5",
          "Microsoft.Extensions.Logging.Abstractions": "10.0.5",
          "Microsoft.Extensions.Logging.Configuration": "10.0.5",
          "Microsoft.Extensions.Options": "10.0.5"
        }
      },
      "Microsoft.Extensions.Logging.Debug": {
        "type": "Transitive",
        "resolved": "10.0.5",
        "contentHash": "/VacEkBQ02A8PBXSa6YpbIXCuisYy6JJr62/+ANJDZE+RMBfZMcXJXLfr/LpyLE6pgdp17Wxlt7e7R9zvkwZ3Q==",
        "dependencies": {
          "Microsoft.Extensions.DependencyInjection.Abstractions": "10.0.5",
          "Microsoft.Extensions.Logging": "10.0.5",
          "Microsoft.Extensions.Logging.Abstractions": "10.0.5"
        }
      },
      "Microsoft.Extensions.Logging.EventLog": {
        "type": "Transitive",
        "resolved": "10.0.5",
        "contentHash": "0ezhWYJS4/6KrqQel9JL+Tr4n+4EX2TF5EYiaysBWNNEM2c3Gtj1moD39esfgk8OHblSX+UFjtZ3z0c4i9tRvw==",
        "dependencies": {
          "Microsoft.Extensions.DependencyInjection.Abstractions": "10.0.5",
          "Microsoft.Extensions.Logging": "10.0.5",
          "Microsoft.Extensions.Logging.Abstractions": "10.0.5",
          "Microsoft.Extensions.Options": "10.0.5"
        }
      },
      "Microsoft.Extensions.Logging.EventSource": {
        "type": "Transitive",
        "resolved": "10.0.5",
        "contentHash": "vN+aq1hBFXyYvY5Ow9WyeR66drKQxRZmas4lAjh6QWfryPkjTn1uLtX5AFIxyDaZj78v5TG2sELUyvrXpAPQQw==",
        "dependencies": {
          "Microsoft.Extensions.DependencyInjection.Abstractions": "10.0.5",
          "Microsoft.Extensions.Logging": "10.0.5",
          "Microsoft.Extensions.Logging.Abstractions": "10.0.5",
          "Microsoft.Extensions.Options": "10.0.5",
          "Microsoft.Extensions.Primitives": "10.0.5"
        }
      },
      "Microsoft.Extensions.Options": {
        "type": "Transitive",
        "resolved": "10.0.5",
        "contentHash": "MDaQMdUplw0AIRhWWmbLA7yQEXaLIHb+9CTroTiNS8OlI0LMXS4LCxtopqauiqGCWlRgJ+xyraVD8t6veRAFbw==",
        "dependencies": {
          "Microsoft.Extensions.DependencyInjection.Abstractions": "10.0.5",
          "Microsoft.Extensions.Primitives": "10.0.5"
        }
      },
      "Microsoft.Extensions.Options.ConfigurationExtensions": {
        "type": "Transitive",
        "resolved": "10.0.5",
        "contentHash": "BB9uUW3+6Rxu1R97OB1H/13lUF8P2+H1+eDhpZlK30kDh/6E4EKHBUqTp+ilXQmZLzsRErxON8aBSR6WpUKJdg==",
        "dependencies": {
          "Microsoft.Extensions.Configuration.Abstractions": "10.0.5",
          "Microsoft.Extensions.Configuration.Binder": "10.0.5",
          "Microsoft.Extensions.DependencyInjection.Abstractions": "10.0.5",
          "Microsoft.Extensions.Options": "10.0.5",
          "Microsoft.Extensions.Primitives": "10.0.5"
        }
      },
      "Microsoft.Extensions.Primitives": {
        "type": "Transitive",
        "resolved": "10.0.5",
        "contentHash": "/HUHJ0tw/LQvD0DZrz50eQy/3z7PfX7WWEaXnjKTV9/TNdcgFlNTZGo49QhS7PTmhDqMyHRMqAXSBxLh0vso4g=="
      },
      "OpenTK": {
        "type": "Transitive",
        "resolved": "3.3.1",
        "contentHash": "vJ00JIs0EOEhqU3+1w6ocurNUFaewd7YXV8sixI029AQeQaht0QjDGgXm2Fk/y8A5Wtx6UsmrjJDKi4USoVeSg=="
      },
      "OpenTK.GLWpfControl": {
        "type": "Transitive",
        "resolved": "3.3.0",
        "contentHash": "viHlwA0RIYLA1EyoA+gOkfqpA9xMZV6HigVYhaHaEsYb3jk518RdCKEdFggu/P4oYUNYZmmHaUYDC9pwarkXjA==",
        "dependencies": {
          "OpenTK": "[3.3.0, 3.4.0)"
        }
      },
      "SkiaSharp": {
        "type": "Transitive",
        "resolved": "3.119.0",
        "contentHash": "gR9yVoOta2Mc1Rxt15LD65AckfHMfwjIs/3kkD59C9bT2nYYISsE6uz3t4aMPNHA6CgsIL0Ssn+jE5OVilZ1yw==",
        "dependencies": {
          "SkiaSharp.NativeAssets.Win32": "3.119.0",
          "SkiaSharp.NativeAssets.macOS": "3.119.0"
        }
      },
      "SkiaSharp.HarfBuzz": {
        "type": "Transitive",
        "resolved": "3.119.0",
        "contentHash": "5ocGzl+RYEZFnUPUbModshnEFvKTku4hTtOBsLvy5MCK2KAHjq5Nw2+uAVUx79Rjh0z8fTojT6ZVav8MJgW0ug==",
        "dependencies": {
          "HarfBuzzSharp": "8.3.1.1",
          "SkiaSharp": "3.119.0"
        }
      },
      "SkiaSharp.NativeAssets.macOS": {
        "type": "Transitive",
        "resolved": "3.119.0",
        "contentHash": "YE1vNn0Nyw2PWtv7hw1PYkKJO0itFiQp9vSqGppZUKzQJqwp28a2jgdCMPfYtOiR8KCnDgZqQoynqJRRaE2ZVg=="
      },
      "SkiaSharp.NativeAssets.Win32": {
        "type": "Transitive",
        "resolved": "3.119.0",
        "contentHash": "IwC9yx36lOdXVT2DjgmWHl1qkVspfj8ctd4+li8CNnvqdfaTolXCOh6TLznURcPAvzatx9K/tLOB7zT6T8EA9w=="
      },
      "SkiaSharp.Views.Desktop.Common": {
        "type": "Transitive",
        "resolved": "3.119.0",
        "contentHash": "KST7Q3n+X5BhDj1aKTJXk9tITWWznveka9n+pBjOtE53Omc+wlZR0s4fQStybWCVVaWG9eaeOMaw93J3zEMklA==",
        "dependencies": {
          "SkiaSharp": "3.119.0"
        }
      },
      "SkiaSharp.Views.WPF": {
        "type": "Transitive",
        "resolved": "3.119.0",
        "contentHash": "1Dmj9RlBW/gvmJwSUER+N9plA/kcWOgiL5g3q2DB+USVQav8rQtfOZIQZ1Wt/AqhwepOacv1M6pZKDWtXmwDAg==",
        "dependencies": {
          "OpenTK": "3.3.1",
          "OpenTK.GLWpfControl": "3.3.0",
          "SkiaSharp": "3.119.0",
          "SkiaSharp.Views.Desktop.Common": "3.119.0"
        }
      },
      "WPF-UI.Abstractions": {
        "type": "Transitive",
        "resolved": "4.2.0",
        "contentHash": "N4/ODw2F7yniiaEO6aEaxFC8aMJDJTGoeNNv3LLXFJs+qY2Flu9fMqFrRfcCFTk4ZKg1+guUB6Y0QKi6AGt88w=="
      },
      "mymoney.core": {
        "type": "Project",
        "dependencies": {
          "CommunityToolkit.Mvvm": "[8.4.2, )",
          "LiteDB": "[5.0.21, )"
        }
      }
    }
  }
}